// !$*UTF8*$!
{
	archiveVersion = 1;
	classes = {
	};
	objectVersion = 50;
	objects = {

/* Begin PBXBuildFile section */
		E709C7712257B4CB0084D8E1 /* Lope.framework in Frameworks */ = {isa = PBXBuildFile; fileRef = E709C7672257B4CB0084D8E1 /* Lope.framework */; };
		E709C7762257B4CB0084D8E1 /* LopeTests.swift in Sources */ = {isa = PBXBuildFile; fileRef = E709C7752257B4CB0084D8E1 /* LopeTests.swift */; };
		E709C7782257B4CB0084D8E1 /* Lope.h in Headers */ = {isa = PBXBuildFile; fileRef = E709C76A2257B4CB0084D8E1 /* Lope.h */; settings = {ATTRIBUTES = (Public, ); }; };
		E709C7882257B5BB0084D8E1 /* AppDelegate.swift in Sources */ = {isa = PBXBuildFile; fileRef = E709C7872257B5BB0084D8E1 /* AppDelegate.swift */; };
		E709C78A2257B5BB0084D8E1 /* ViewController.swift in Sources */ = {isa = PBXBuildFile; fileRef = E709C7892257B5BB0084D8E1 /* ViewController.swift */; };
		E709C78D2257B5BB0084D8E1 /* Main.storyboard in Resources */ = {isa = PBXBuildFile; fileRef = E709C78B2257B5BB0084D8E1 /* Main.storyboard */; };
		E709C78F2257B5BC0084D8E1 /* Assets.xcassets in Resources */ = {isa = PBXBuildFile; fileRef = E709C78E2257B5BC0084D8E1 /* Assets.xcassets */; };
		E709C7922257B5BC0084D8E1 /* LaunchScreen.storyboard in Resources */ = {isa = PBXBuildFile; fileRef = E709C7902257B5BC0084D8E1 /* LaunchScreen.storyboard */; };
		E709C7982257B9D90084D8E1 /* Lope.swift in Sources */ = {isa = PBXBuildFile; fileRef = E709C7972257B9D90084D8E1 /* Lope.swift */; };
		E709C79A2257BA050084D8E1 /* LopeDelegate.swift in Sources */ = {isa = PBXBuildFile; fileRef = E709C7992257BA050084D8E1 /* LopeDelegate.swift */; };
/* End PBXBuildFile section */

/* Begin PBXContainerItemProxy section */
		E709C7722257B4CB0084D8E1 /* PBXContainerItemProxy */ = {
			isa = PBXContainerItemProxy;
			containerPortal = E709C75E2257B4CB0084D8E1 /* Project object */;
			proxyType = 1;
			remoteGlobalIDString = E709C7662257B4CB0084D8E1;
			remoteInfo = Lope;
		};
/* End PBXContainerItemProxy section */

/* Begin PBXFileReference section */
		E709C7672257B4CB0084D8E1 /* Lope.framework */ = {isa = PBXFileReference; explicitFileType = wrapper.framework; includeInIndex = 0; path = Lope.framework; sourceTree = BUILT_PRODUCTS_DIR; };
		E709C76A2257B4CB0084D8E1 /* Lope.h */ = {isa = PBXFileReference; lastKnownFileType = sourcecode.c.h; path = Lope.h; sourceTree = "<group>"; };
		E709C76B2257B4CB0084D8E1 /* Info.plist */ = {isa = PBXFileReference; lastKnownFileType = text.plist.xml; path = Info.plist; sourceTree = "<group>"; };
		E709C7702257B4CB0084D8E1 /* LopeTests.xctest */ = {isa = PBXFileReference; explicitFileType = wrapper.cfbundle; includeInIndex = 0; path = LopeTests.xctest; sourceTree = BUILT_PRODUCTS_DIR; };
		E709C7752257B4CB0084D8E1 /* LopeTests.swift */ = {isa = PBXFileReference; lastKnownFileType = sourcecode.swift; path = LopeTests.swift; sourceTree = "<group>"; };
		E709C7772257B4CB0084D8E1 /* Info.plist */ = {isa = PBXFileReference; lastKnownFileType = text.plist.xml; path = Info.plist; sourceTree = "<group>"; };
		E709C7852257B5BB0084D8E1 /* LopeExample.app */ = {isa = PBXFileReference; explicitFileType = wrapper.application; includeInIndex = 0; path = LopeExample.app; sourceTree = BUILT_PRODUCTS_DIR; };
		E709C7872257B5BB0084D8E1 /* AppDelegate.swift */ = {isa = PBXFileReference; lastKnownFileType = sourcecode.swift; path = AppDelegate.swift; sourceTree = "<group>"; };
		E709C7892257B5BB0084D8E1 /* ViewController.swift */ = {isa = PBXFileReference; lastKnownFileType = sourcecode.swift; path = ViewController.swift; sourceTree = "<group>"; };
		E709C78C2257B5BB0084D8E1 /* Base */ = {isa = PBXFileReference; lastKnownFileType = file.storyboard; name = Base; path = Base.lproj/Main.storyboard; sourceTree = "<group>"; };
		E709C78E2257B5BC0084D8E1 /* Assets.xcassets */ = {isa = PBXFileReference; lastKnownFileType = folder.assetcatalog; path = Assets.xcassets; sourceTree = "<group>"; };
		E709C7912257B5BC0084D8E1 /* Base */ = {isa = PBXFileReference; lastKnownFileType = file.storyboard; name = Base; path = Base.lproj/LaunchScreen.storyboard; sourceTree = "<group>"; };
		E709C7932257B5BC0084D8E1 /* Info.plist */ = {isa = PBXFileReference; lastKnownFileType = text.plist.xml; path = Info.plist; sourceTree = "<group>"; };
		E709C7972257B9D90084D8E1 /* Lope.swift */ = {isa = PBXFileReference; lastKnownFileType = sourcecode.swift; path = Lope.swift; sourceTree = "<group>"; };
		E709C7992257BA050084D8E1 /* LopeDelegate.swift */ = {isa = PBXFileReference; lastKnownFileType = sourcecode.swift; path = LopeDelegate.swift; sourceTree = "<group>"; };
/* End PBXFileReference section */

/* Begin PBXFrameworksBuildPhase section */
		E709C7642257B4CB0084D8E1 /* Frameworks */ = {
			isa = PBXFrameworksBuildPhase;
			buildActionMask = 2147483647;
			files = (
			);
			runOnlyForDeploymentPostprocessing = 0;
		};
		E709C76D2257B4CB0084D8E1 /* Frameworks */ = {
			isa = PBXFrameworksBuildPhase;
			buildActionMask = 2147483647;
			files = (
				E709C7712257B4CB0084D8E1 /* Lope.framework in Frameworks */,
			);
			runOnlyForDeploymentPostprocessing = 0;
		};
		E709C7822257B5BB0084D8E1 /* Frameworks */ = {
			isa = PBXFrameworksBuildPhase;
			buildActionMask = 2147483647;
			files = (
			);
			runOnlyForDeploymentPostprocessing = 0;
		};
/* End PBXFrameworksBuildPhase section */

/* Begin PBXGroup section */
		E709C75D2257B4CB0084D8E1 = {
			isa = PBXGroup;
			children = (
				E709C7692257B4CB0084D8E1 /* Lope */,
				E709C7742257B4CB0084D8E1 /* LopeTests */,
				E709C7862257B5BB0084D8E1 /* LopeExample */,
				E709C7682257B4CB0084D8E1 /* Products */,
			);
			sourceTree = "<group>";
		};
		E709C7682257B4CB0084D8E1 /* Products */ = {
			isa = PBXGroup;
			children = (
				E709C7672257B4CB0084D8E1 /* Lope.framework */,
				E709C7702257B4CB0084D8E1 /* LopeTests.xctest */,
				E709C7852257B5BB0084D8E1 /* LopeExample.app */,
			);
			name = Products;
			sourceTree = "<group>";
		};
		E709C7692257B4CB0084D8E1 /* Lope */ = {
			isa = PBXGroup;
			children = (
				E709C76A2257B4CB0084D8E1 /* Lope.h */,
				E709C76B2257B4CB0084D8E1 /* Info.plist */,
				E709C7972257B9D90084D8E1 /* Lope.swift */,
				E709C7992257BA050084D8E1 /* LopeDelegate.swift */,
			);
			path = Lope;
			sourceTree = "<group>";
		};
		E709C7742257B4CB0084D8E1 /* LopeTests */ = {
			isa = PBXGroup;
			children = (
				E709C7752257B4CB0084D8E1 /* LopeTests.swift */,
				E709C7772257B4CB0084D8E1 /* Info.plist */,
			);
			path = LopeTests;
			sourceTree = "<group>";
		};
		E709C7862257B5BB0084D8E1 /* LopeExample */ = {
			isa = PBXGroup;
			children = (
				E709C7872257B5BB0084D8E1 /* AppDelegate.swift */,
				E709C7892257B5BB0084D8E1 /* ViewController.swift */,
				E709C78B2257B5BB0084D8E1 /* Main.storyboard */,
				E709C78E2257B5BC0084D8E1 /* Assets.xcassets */,
				E709C7902257B5BC0084D8E1 /* LaunchScreen.storyboard */,
				E709C7932257B5BC0084D8E1 /* Info.plist */,
			);
			path = LopeExample;
			sourceTree = "<group>";
		};
/* End PBXGroup section */

/* Begin PBXHeadersBuildPhase section */
		E709C7622257B4CB0084D8E1 /* Headers */ = {
			isa = PBXHeadersBuildPhase;
			buildActionMask = 2147483647;
			files = (
				E709C7782257B4CB0084D8E1 /* Lope.h in Headers */,
			);
			runOnlyForDeploymentPostprocessing = 0;
		};
/* End PBXHeadersBuildPhase section */

/* Begin PBXNativeTarget section */
		E709C7662257B4CB0084D8E1 /* Lope */ = {
			isa = PBXNativeTarget;
			buildConfigurationList = E709C77B2257B4CB0084D8E1 /* Build configuration list for PBXNativeTarget "Lope" */;
			buildPhases = (
				E709C7622257B4CB0084D8E1 /* Headers */,
				E709C7632257B4CB0084D8E1 /* Sources */,
				E709C7642257B4CB0084D8E1 /* Frameworks */,
				E709C7652257B4CB0084D8E1 /* Resources */,
			);
			buildRules = (
			);
			dependencies = (
			);
			name = Lope;
			productName = Lope;
			productReference = E709C7672257B4CB0084D8E1 /* Lope.framework */;
			productType = "com.apple.product-type.framework";
		};
		E709C76F2257B4CB0084D8E1 /* LopeTests */ = {
			isa = PBXNativeTarget;
			buildConfigurationList = E709C77E2257B4CB0084D8E1 /* Build configuration list for PBXNativeTarget "LopeTests" */;
			buildPhases = (
				E709C76C2257B4CB0084D8E1 /* Sources */,
				E709C76D2257B4CB0084D8E1 /* Frameworks */,
				E709C76E2257B4CB0084D8E1 /* Resources */,
			);
			buildRules = (
			);
			dependencies = (
				E709C7732257B4CB0084D8E1 /* PBXTargetDependency */,
			);
			name = LopeTests;
			productName = LopeTests;
			productReference = E709C7702257B4CB0084D8E1 /* LopeTests.xctest */;
			productType = "com.apple.product-type.bundle.unit-test";
		};
		E709C7842257B5BB0084D8E1 /* LopeExample */ = {
			isa = PBXNativeTarget;
			buildConfigurationList = E709C7942257B5BC0084D8E1 /* Build configuration list for PBXNativeTarget "LopeExample" */;
			buildPhases = (
				E709C7812257B5BB0084D8E1 /* Sources */,
				E709C7822257B5BB0084D8E1 /* Frameworks */,
				E709C7832257B5BB0084D8E1 /* Resources */,
			);
			buildRules = (
			);
			dependencies = (
			);
			name = LopeExample;
			productName = LopeExample;
			productReference = E709C7852257B5BB0084D8E1 /* LopeExample.app */;
			productType = "com.apple.product-type.application";
		};
/* End PBXNativeTarget section */

/* Begin PBXProject section */
		E709C75E2257B4CB0084D8E1 /* Project object */ = {
			isa = PBXProject;
			attributes = {
				LastSwiftUpdateCheck = 1020;
				LastUpgradeCheck = 1020;
				ORGANIZATIONNAME = "Adie Olami";
				TargetAttributes = {
					E709C7662257B4CB0084D8E1 = {
						CreatedOnToolsVersion = 10.2;
						LastSwiftMigration = 1020;
					};
					E709C76F2257B4CB0084D8E1 = {
						CreatedOnToolsVersion = 10.2;
					};
					E709C7842257B5BB0084D8E1 = {
						CreatedOnToolsVersion = 10.2;
					};
				};
			};
			buildConfigurationList = E709C7612257B4CB0084D8E1 /* Build configuration list for PBXProject "Lope" */;
			compatibilityVersion = "Xcode 9.3";
			developmentRegion = en;
			hasScannedForEncodings = 0;
			knownRegions = (
				en,
				Base,
			);
			mainGroup = E709C75D2257B4CB0084D8E1;
			productRefGroup = E709C7682257B4CB0084D8E1 /* Products */;
			projectDirPath = "";
			projectRoot = "";
			targets = (
				E709C7662257B4CB0084D8E1 /* Lope */,
				E709C76F2257B4CB0084D8E1 /* LopeTests */,
				E709C7842257B5BB0084D8E1 /* LopeExample */,
			);
		};
/* End PBXProject section */

/* Begin PBXResourcesBuildPhase section */
		E709C7652257B4CB0084D8E1 /* Resources */ = {
			isa = PBXResourcesBuildPhase;
			buildActionMask = 2147483647;
			files = (
			);
			runOnlyForDeploymentPostprocessing = 0;
		};
		E709C76E2257B4CB0084D8E1 /* Resources */ = {
			isa = PBXResourcesBuildPhase;
			buildActionMask = 2147483647;
			files = (
			);
			runOnlyForDeploymentPostprocessing = 0;
		};
		E709C7832257B5BB0084D8E1 /* Resources */ = {
			isa = PBXResourcesBuildPhase;
			buildActionMask = 2147483647;
			files = (
				E709C7922257B5BC0084D8E1 /* LaunchScreen.storyboard in Resources */,
				E709C78F2257B5BC0084D8E1 /* Assets.xcassets in Resources */,
				E709C78D2257B5BB0084D8E1 /* Main.storyboard in Resources */,
			);
			runOnlyForDeploymentPostprocessing = 0;
		};
/* End PBXResourcesBuildPhase section */

/* Begin PBXSourcesBuildPhase section */
		E709C7632257B4CB0084D8E1 /* Sources */ = {
			isa = PBXSourcesBuildPhase;
			buildActionMask = 2147483647;
			files = (
				E709C79A2257BA050084D8E1 /* LopeDelegate.swift in Sources */,
				E709C7982257B9D90084D8E1 /* Lope.swift in Sources */,
			);
			runOnlyForDeploymentPostprocessing = 0;
		};
		E709C76C2257B4CB0084D8E1 /* Sources */ = {
			isa = PBXSourcesBuildPhase;
			buildActionMask = 2147483647;
			files = (
				E709C7762257B4CB0084D8E1 /* LopeTests.swift in Sources */,
			);
			runOnlyForDeploymentPostprocessing = 0;
		};
		E709C7812257B5BB0084D8E1 /* Sources */ = {
			isa = PBXSourcesBuildPhase;
			buildActionMask = 2147483647;
			files = (
				E709C78A2257B5BB0084D8E1 /* ViewController.swift in Sources */,
				E709C7882257B5BB0084D8E1 /* AppDelegate.swift in Sources */,
			);
			runOnlyForDeploymentPostprocessing = 0;
		};
/* End PBXSourcesBuildPhase section */

/* Begin PBXTargetDependency section */
		E709C7732257B4CB0084D8E1 /* PBXTargetDependency */ = {
			isa = PBXTargetDependency;
			target = E709C7662257B4CB0084D8E1 /* Lope */;
			targetProxy = E709C7722257B4CB0084D8E1 /* PBXContainerItemProxy */;
		};
/* End PBXTargetDependency section */

/* Begin PBXVariantGroup section */
		E709C78B2257B5BB0084D8E1 /* Main.storyboard */ = {
			isa = PBXVariantGroup;
			children = (
				E709C78C2257B5BB0084D8E1 /* Base */,
			);
			name = Main.storyboard;
			sourceTree = "<group>";
		};
		E709C7902257B5BC0084D8E1 /* LaunchScreen.storyboard */ = {
			isa = PBXVariantGroup;
			children = (
				E709C7912257B5BC0084D8E1 /* Base */,
			);
			name = LaunchScreen.storyboard;
			sourceTree = "<group>";
		};
/* End PBXVariantGroup section */

/* Begin XCBuildConfiguration section */
		E709C7792257B4CB0084D8E1 /* Debug */ = {
			isa = XCBuildConfiguration;
			buildSettings = {
				ALWAYS_SEARCH_USER_PATHS = NO;
				CLANG_ANALYZER_NONNULL = YES;
				CLANG_ANALYZER_NUMBER_OBJECT_CONVERSION = YES_AGGRESSIVE;
				CLANG_CXX_LANGUAGE_STANDARD = "gnu++14";
				CLANG_CXX_LIBRARY = "libc++";
				CLANG_ENABLE_MODULES = YES;
				CLANG_ENABLE_OBJC_ARC = YES;
				CLANG_ENABLE_OBJC_WEAK = YES;
				CLANG_WARN_BLOCK_CAPTURE_AUTORELEASING = YES;
				CLANG_WARN_BOOL_CONVERSION = YES;
				CLANG_WARN_COMMA = YES;
				CLANG_WARN_CONSTANT_CONVERSION = YES;
				CLANG_WARN_DEPRECATED_OBJC_IMPLEMENTATIONS = YES;
				CLANG_WARN_DIRECT_OBJC_ISA_USAGE = YES_ERROR;
				CLANG_WARN_DOCUMENTATION_COMMENTS = YES;
				CLANG_WARN_EMPTY_BODY = YES;
				CLANG_WARN_ENUM_CONVERSION = YES;
				CLANG_WARN_INFINITE_RECURSION = YES;
				CLANG_WARN_INT_CONVERSION = YES;
				CLANG_WARN_NON_LITERAL_NULL_CONVERSION = YES;
				CLANG_WARN_OBJC_IMPLICIT_RETAIN_SELF = YES;
				CLANG_WARN_OBJC_LITERAL_CONVERSION = YES;
				CLANG_WARN_OBJC_ROOT_CLASS = YES_ERROR;
				CLANG_WARN_RANGE_LOOP_ANALYSIS = YES;
				CLANG_WARN_STRICT_PROTOTYPES = YES;
				CLANG_WARN_SUSPICIOUS_MOVE = YES;
				CLANG_WARN_UNGUARDED_AVAILABILITY = YES_AGGRESSIVE;
				CLANG_WARN_UNREACHABLE_CODE = YES;
				CLANG_WARN__DUPLICATE_METHOD_MATCH = YES;
				CODE_SIGN_IDENTITY = "iPhone Developer";
				COPY_PHASE_STRIP = NO;
				CURRENT_PROJECT_VERSION = 1;
				DEBUG_INFORMATION_FORMAT = dwarf;
				ENABLE_STRICT_OBJC_MSGSEND = YES;
				ENABLE_TESTABILITY = YES;
				GCC_C_LANGUAGE_STANDARD = gnu11;
				GCC_DYNAMIC_NO_PIC = NO;
				GCC_NO_COMMON_BLOCKS = YES;
				GCC_OPTIMIZATION_LEVEL = 0;
				GCC_PREPROCESSOR_DEFINITIONS = (
					"DEBUG=1",
					"$(inherited)",
				);
				GCC_WARN_64_TO_32_BIT_CONVERSION = YES;
				GCC_WARN_ABOUT_RETURN_TYPE = YES_ERROR;
				GCC_WARN_UNDECLARED_SELECTOR = YES;
				GCC_WARN_UNINITIALIZED_AUTOS = YES_AGGRESSIVE;
				GCC_WARN_UNUSED_FUNCTION = YES;
				GCC_WARN_UNUSED_VARIABLE = YES;
				IPHONEOS_DEPLOYMENT_TARGET = 12.2;
				MTL_ENABLE_DEBUG_INFO = INCLUDE_SOURCE;
				MTL_FAST_MATH = YES;
				ONLY_ACTIVE_ARCH = YES;
				SDKROOT = iphoneos;
				SWIFT_ACTIVE_COMPILATION_CONDITIONS = DEBUG;
				SWIFT_OPTIMIZATION_LEVEL = "-Onone";
				VERSIONING_SYSTEM = "apple-generic";
				VERSION_INFO_PREFIX = "";
			};
			name = Debug;
		};
		E709C77A2257B4CB0084D8E1 /* Release */ = {
			isa = XCBuildConfiguration;
			buildSettings = {
				ALWAYS_SEARCH_USER_PATHS = NO;
				CLANG_ANALYZER_NONNULL = YES;
				CLANG_ANALYZER_NUMBER_OBJECT_CONVERSION = YES_AGGRESSIVE;
				CLANG_CXX_LANGUAGE_STANDARD = "gnu++14";
				CLANG_CXX_LIBRARY = "libc++";
				CLANG_ENABLE_MODULES = YES;
				CLANG_ENABLE_OBJC_ARC = YES;
				CLANG_ENABLE_OBJC_WEAK = YES;
				CLANG_WARN_BLOCK_CAPTURE_AUTORELEASING = YES;
				CLANG_WARN_BOOL_CONVERSION = YES;
				CLANG_WARN_COMMA = YES;
				CLANG_WARN_CONSTANT_CONVERSION = YES;
				CLANG_WARN_DEPRECATED_OBJC_IMPLEMENTATIONS = YES;
				CLANG_WARN_DIRECT_OBJC_ISA_USAGE = YES_ERROR;
				CLANG_WARN_DOCUMENTATION_COMMENTS = YES;
				CLANG_WARN_EMPTY_BODY = YES;
				CLANG_WARN_ENUM_CONVERSION = YES;
				CLANG_WARN_INFINITE_RECURSION = YES;
				CLANG_WARN_INT_CONVERSION = YES;
				CLANG_WARN_NON_LITERAL_NULL_CONVERSION = YES;
				CLANG_WARN_OBJC_IMPLICIT_RETAIN_SELF = YES;
				CLANG_WARN_OBJC_LITERAL_CONVERSION = YES;
				CLANG_WARN_OBJC_ROOT_CLASS = YES_ERROR;
				CLANG_WARN_RANGE_LOOP_ANALYSIS = YES;
				CLANG_WARN_STRICT_PROTOTYPES = YES;
				CLANG_WARN_SUSPICIOUS_MOVE = YES;
				CLANG_WARN_UNGUARDED_AVAILABILITY = YES_AGGRESSIVE;
				CLANG_WARN_UNREACHABLE_CODE = YES;
				CLANG_WARN__DUPLICATE_METHOD_MATCH = YES;
				CODE_SIGN_IDENTITY = "iPhone Developer";
				COPY_PHASE_STRIP = NO;
				CURRENT_PROJECT_VERSION = 1;
				DEBUG_INFORMATION_FORMAT = "dwarf-with-dsym";
				ENABLE_NS_ASSERTIONS = NO;
				ENABLE_STRICT_OBJC_MSGSEND = YES;
				GCC_C_LANGUAGE_STANDARD = gnu11;
				GCC_NO_COMMON_BLOCKS = YES;
				GCC_WARN_64_TO_32_BIT_CONVERSION = YES;
				GCC_WARN_ABOUT_RETURN_TYPE = YES_ERROR;
				GCC_WARN_UNDECLARED_SELECTOR = YES;
				GCC_WARN_UNINITIALIZED_AUTOS = YES_AGGRESSIVE;
				GCC_WARN_UNUSED_FUNCTION = YES;
				GCC_WARN_UNUSED_VARIABLE = YES;
				IPHONEOS_DEPLOYMENT_TARGET = 12.2;
				MTL_ENABLE_DEBUG_INFO = NO;
				MTL_FAST_MATH = YES;
				SDKROOT = iphoneos;
				SWIFT_COMPILATION_MODE = wholemodule;
				SWIFT_OPTIMIZATION_LEVEL = "-O";
				VALIDATE_PRODUCT = YES;
				VERSIONING_SYSTEM = "apple-generic";
				VERSION_INFO_PREFIX = "";
			};
			name = Release;
		};
		E709C77C2257B4CB0084D8E1 /* Debug */ = {
			isa = XCBuildConfiguration;
			buildSettings = {
				CLANG_ENABLE_MODULES = YES;
				CODE_SIGN_IDENTITY = "";
				CODE_SIGN_STYLE = Automatic;
				DEFINES_MODULE = YES;
				DEVELOPMENT_TEAM = N6VULMTHBS;
				DYLIB_COMPATIBILITY_VERSION = 1;
				DYLIB_CURRENT_VERSION = 1;
				DYLIB_INSTALL_NAME_BASE = "@rpath";
				INFOPLIST_FILE = Lope/Info.plist;
				INSTALL_PATH = "$(LOCAL_LIBRARY_DIR)/Frameworks";
				LD_RUNPATH_SEARCH_PATHS = (
					"$(inherited)",
					"@executable_path/Frameworks",
					"@loader_path/Frameworks",
				);
				PRODUCT_BUNDLE_IDENTIFIER = com.adieolami.Lope;
				PRODUCT_NAME = "$(TARGET_NAME:c99extidentifier)";
				SKIP_INSTALL = YES;
				SWIFT_OPTIMIZATION_LEVEL = "-Onone";
				SWIFT_VERSION = 5.0;
				TARGETED_DEVICE_FAMILY = "1,2";
			};
			name = Debug;
		};
		E709C77D2257B4CB0084D8E1 /* Release */ = {
			isa = XCBuildConfiguration;
			buildSettings = {
				CLANG_ENABLE_MODULES = YES;
				CODE_SIGN_IDENTITY = "";
				CODE_SIGN_STYLE = Automatic;
				DEFINES_MODULE = YES;
				DEVELOPMENT_TEAM = N6VULMTHBS;
				DYLIB_COMPATIBILITY_VERSION = 1;
				DYLIB_CURRENT_VERSION = 1;
				DYLIB_INSTALL_NAME_BASE = "@rpath";
				INFOPLIST_FILE = Lope/Info.plist;
				INSTALL_PATH = "$(LOCAL_LIBRARY_DIR)/Frameworks";
				LD_RUNPATH_SEARCH_PATHS = (
					"$(inherited)",
					"@executable_path/Frameworks",
					"@loader_path/Frameworks",
				);
				PRODUCT_BUNDLE_IDENTIFIER = com.adieolami.Lope;
				PRODUCT_NAME = "$(TARGET_NAME:c99extidentifier)";
				SKIP_INSTALL = YES;
				SWIFT_VERSION = 5.0;
				TARGETED_DEVICE_FAMILY = "1,2";
			};
			name = Release;
		};
		E709C77F2257B4CB0084D8E1 /* Debug */ = {
			isa = XCBuildConfiguration;
			buildSettings = {
				ALWAYS_EMBED_SWIFT_STANDARD_LIBRARIES = YES;
				CODE_SIGN_STYLE = Automatic;
				DEVELOPMENT_TEAM = N6VULMTHBS;
				INFOPLIST_FILE = LopeTests/Info.plist;
				LD_RUNPATH_SEARCH_PATHS = (
					"$(inherited)",
					"@executable_path/Frameworks",
					"@loader_path/Frameworks",
				);
				PRODUCT_BUNDLE_IDENTIFIER = com.adieolami.LopeTests;
				PRODUCT_NAME = "$(TARGET_NAME)";
				SWIFT_VERSION = 5.0;
				TARGETED_DEVICE_FAMILY = "1,2";
			};
			name = Debug;
		};
		E709C7802257B4CB0084D8E1 /* Release */ = {
			isa = XCBuildConfiguration;
			buildSettings = {
				ALWAYS_EMBED_SWIFT_STANDARD_LIBRARIES = YES;
				CODE_SIGN_STYLE = Automatic;
				DEVELOPMENT_TEAM = N6VULMTHBS;
				INFOPLIST_FILE = LopeTests/Info.plist;
				LD_RUNPATH_SEARCH_PATHS = (
					"$(inherited)",
					"@executable_path/Frameworks",
					"@loader_path/Frameworks",
				);
				PRODUCT_BUNDLE_IDENTIFIER = com.adieolami.LopeTests;
				PRODUCT_NAME = "$(TARGET_NAME)";
				SWIFT_VERSION = 5.0;
				TARGETED_DEVICE_FAMILY = "1,2";
			};
			name = Release;
		};
		E709C7952257B5BC0084D8E1 /* Debug */ = {
			isa = XCBuildConfiguration;
			buildSettings = {
				ASSETCATALOG_COMPILER_APPICON_NAME = AppIcon;
				CODE_SIGN_STYLE = Automatic;
				DEVELOPMENT_TEAM = N6VULMTHBS;
				INFOPLIST_FILE = LopeExample/Info.plist;
				LD_RUNPATH_SEARCH_PATHS = (
					"$(inherited)",
					"@executable_path/Frameworks",
				);
				PRODUCT_BUNDLE_IDENTIFIER = com.adieolami.LopeExample;
				PRODUCT_NAME = "$(TARGET_NAME)";
				SWIFT_VERSION = 5.0;
				TARGETED_DEVICE_FAMILY = "1,2";
			};
			name = Debug;
		};
		E709C7962257B5BC0084D8E1 /* Release */ = {
			isa = XCBuildConfiguration;
			buildSettings = {
				ASSETCATALOG_COMPILER_APPICON_NAME = AppIcon;
				CODE_SIGN_STYLE = Automatic;
				DEVELOPMENT_TEAM = N6VULMTHBS;
				INFOPLIST_FILE = LopeExample/Info.plist;
				LD_RUNPATH_SEARCH_PATHS = (
					"$(inherited)",
					"@executable_path/Frameworks",
				);
				PRODUCT_BUNDLE_IDENTIFIER = com.adieolami.LopeExample;
				PRODUCT_NAME = "$(TARGET_NAME)";
				SWIFT_VERSION = 5.0;
				TARGETED_DEVICE_FAMILY = "1,2";
			};
			name = Release;
		};
/* End XCBuildConfiguration section */

/* Begin XCConfigurationList section */
		E709C7612257B4CB0084D8E1 /* Build configuration list for PBXProject "Lope" */ = {
			isa = XCConfigurationList;
			buildConfigurations = (
				E709C7792257B4CB0084D8E1 /* Debug */,
				E709C77A2257B4CB0084D8E1 /* Release */,
			);
			defaultConfigurationIsVisible = 0;
			defaultConfigurationName = Release;
		};
		E709C77B2257B4CB0084D8E1 /* Build configuration list for PBXNativeTarget "Lope" */ = {
			isa = XCConfigurationList;
			buildConfigurations = (
				E709C77C2257B4CB0084D8E1 /* Debug */,
				E709C77D2257B4CB0084D8E1 /* Release */,
			);
			defaultConfigurationIsVisible = 0;
			defaultConfigurationName = Release;
		};
		E709C77E2257B4CB0084D8E1 /* Build configuration list for PBXNativeTarget "LopeTests" */ = {
			isa = XCConfigurationList;
			buildConfigurations = (
				E709C77F2257B4CB0084D8E1 /* Debug */,
				E709C7802257B4CB0084D8E1 /* Release */,
			);
			defaultConfigurationIsVisible = 0;
			defaultConfigurationName = Release;
		};
		E709C7942257B5BC0084D8E1 /* Build configuration list for PBXNativeTarget "LopeExample" */ = {
			isa = XCConfigurationList;
			buildConfigurations = (
				E709C7952257B5BC0084D8E1 /* Debug */,
				E709C7962257B5BC0084D8E1 /* Release */,
			);
			defaultConfigurationIsVisible = 0;
			defaultConfigurationName = Release;
		};
/* End XCConfigurationList section */
	};
	rootObject = E709C75E2257B4CB0084D8E1 /* Project object */;
}
